
Microsoft Visual Studio Solution File, Format Version 12.00
# Visual Studio Version 16
VisualStudioVersion = 16.0.30611.23
MinimumVisualStudioVersion = 10.0.40219.1
Project("{FAE04EC0-301F-11D3-BF4B-00C04F79EFBC}") = "Eprescription", "Eprescription\Eprescription.csproj", "{688AD320-B731-4E17-AE53-18409A7A78C9}"
EndProject
Project("{FAE04EC0-301F-11D3-BF4B-00C04F79EFBC}") = "Eprescription.Core", "Eprescription.Core\Eprescription.Core.csproj", "{2A553D36-9DA2-4056-A128-7E10F5CC13D0}"
EndProject
Project("{FAE04EC0-301F-11D3-BF4B-00C04F79EFBC}") = "Eprescription.Database", "Eprescription.Database\Eprescription.Database.csproj", "{030D3269-41C1-42D6-B23C-ED5C7F409B90}"
EndProject
Global
	GlobalSection(SolutionConfigurationPlatforms) = preSolution
		Debug|Any CPU = Debug|Any CPU
		Release|Any CPU = Release|Any CPU
	EndGlobalSection
	GlobalSection(ProjectConfigurationPlatforms) = postSolution
		{688AD320-B731-4E17-AE53-18409A7A78C9}.Debug|Any CPU.ActiveCfg = Debug|Any CPU
		{688AD320-B731-4E17-AE53-18409A7A78C9}.Debug|Any CPU.Build.0 = Debug|Any CPU
		{688AD320-B731-4E17-AE53-18409A7A78C9}.Release|Any CPU.ActiveCfg = Release|Any CPU
		{688AD320-B731-4E17-AE53-18409A7A78C9}.Release|Any CPU.Build.0 = Release|Any CPU
		{2A553D36-9DA2-4056-A128-7E10F5CC13D0}.Debug|Any CPU.ActiveCfg = Debug|Any CPU
		{2A553D36-9DA2-4056-A128-7E10F5CC13D0}.Debug|Any CPU.Build.0 = Debug|Any CPU
		{2A553D36-9DA2-4056-A128-7E10F5CC13D0}.Release|Any CPU.ActiveCfg = Release|Any CPU
		{2A553D36-9DA2-4056-A128-7E10F5CC13D0}.Release|Any CPU.Build.0 = Release|Any CPU
		{030D3269-41C1-42D6-B23C-ED5C7F409B90}.Debug|Any CPU.ActiveCfg = Debug|Any CPU
		{030D3269-41C1-42D6-B23C-ED5C7F409B90}.Debug|Any CPU.Build.0 = Debug|Any CPU
		{030D3269-41C1-42D6-B23C-ED5C7F409B90}.Release|Any CPU.ActiveCfg = Release|Any CPU
		{030D3269-41C1-42D6-B23C-ED5C7F409B90}.Release|Any CPU.Build.0 = Release|Any CPU
	EndGlobalSection
	GlobalSection(SolutionProperties) = preSolution
		HideSolutionNode = FALSE
	EndGlobalSection
	GlobalSection(ExtensibilityGlobals) = postSolution
		SolutionGuid = {954C23B8-0B79-4510-9076-B4B9DC47CEFD}
	EndGlobalSection
EndGlobal
